
Microsoft Visual Studio Solution File, Format Version 12.00
# Visual Studio Version 17
VisualStudioVersion = 17.3.32811.315
MinimumVisualStudioVersion = 10.0.40219.1
Project("{9A19103F-16F7-4668-BE54-9A1E7A4F7556}") = "S.R.P [Single Responsibility Principle]", "S.R.P [Single Responsibility Principle]\S.R.P [Single Responsibility Principle].csproj", "{50D36196-16F7-488A-AF15-9A9D7FFC3045}"
EndProject
Project("{9A19103F-16F7-4668-BE54-9A1E7A4F7556}") = "O.C.P [Open Close Principle]", "O.C.P [Open Close Principle]\O.C.P [Open Close Principle].csproj", "{2030DF35-B957-4DB8-8B7B-3CB36765FFF4}"
EndProject
Project("{9A19103F-16F7-4668-BE54-9A1E7A4F7556}") = "L.S.P [Liskov Substitution Principle]", "L.S.P [Liskov Substitution Principle]\L.S.P [Liskov Substitution Principle].csproj", "{F2F6C068-7A24-4BAF-B654-91F5C0EA6BDE}"
EndProject
Project("{9A19103F-16F7-4668-BE54-9A1E7A4F7556}") = "I.S.P [Interface Segregation Principle]", "I.S.P [Interface Segregation Principle]\I.S.P [Interface Segregation Principle].csproj", "{E368CE4C-B2D7-4934-9CD8-F54D859B22DB}"
EndProject
Project("{FAE04EC0-301F-11D3-BF4B-00C04F79EFBC}") = "D.I.P [Dependency Inversion Principle]", "D.I.P [Dependency Inversion Principle]\D.I.P [Dependency Inversion Principle].csproj", "{0317D3C9-64B4-4E06-9289-697483D0E1E7}"
EndProject
Global
	GlobalSection(SolutionConfigurationPlatforms) = preSolution
		Debug|Any CPU = Debug|Any CPU
		Release|Any CPU = Release|Any CPU
	EndGlobalSection
	GlobalSection(ProjectConfigurationPlatforms) = postSolution
		{50D36196-16F7-488A-AF15-9A9D7FFC3045}.Debug|Any CPU.ActiveCfg = Debug|Any CPU
		{50D36196-16F7-488A-AF15-9A9D7FFC3045}.Debug|Any CPU.Build.0 = Debug|Any CPU
		{50D36196-16F7-488A-AF15-9A9D7FFC3045}.Release|Any CPU.ActiveCfg = Release|Any CPU
		{50D36196-16F7-488A-AF15-9A9D7FFC3045}.Release|Any CPU.Build.0 = Release|Any CPU
		{2030DF35-B957-4DB8-8B7B-3CB36765FFF4}.Debug|Any CPU.ActiveCfg = Debug|Any CPU
		{2030DF35-B957-4DB8-8B7B-3CB36765FFF4}.Debug|Any CPU.Build.0 = Debug|Any CPU
		{2030DF35-B957-4DB8-8B7B-3CB36765FFF4}.Release|Any CPU.ActiveCfg = Release|Any CPU
		{2030DF35-B957-4DB8-8B7B-3CB36765FFF4}.Release|Any CPU.Build.0 = Release|Any CPU
		{F2F6C068-7A24-4BAF-B654-91F5C0EA6BDE}.Debug|Any CPU.ActiveCfg = Debug|Any CPU
		{F2F6C068-7A24-4BAF-B654-91F5C0EA6BDE}.Debug|Any CPU.Build.0 = Debug|Any CPU
		{F2F6C068-7A24-4BAF-B654-91F5C0EA6BDE}.Release|Any CPU.ActiveCfg = Release|Any CPU
		{F2F6C068-7A24-4BAF-B654-91F5C0EA6BDE}.Release|Any CPU.Build.0 = Release|Any CPU
		{E368CE4C-B2D7-4934-9CD8-F54D859B22DB}.Debug|Any CPU.ActiveCfg = Debug|Any CPU
		{E368CE4C-B2D7-4934-9CD8-F54D859B22DB}.Debug|Any CPU.Build.0 = Debug|Any CPU
		{E368CE4C-B2D7-4934-9CD8-F54D859B22DB}.Release|Any CPU.ActiveCfg = Release|Any CPU
		{E368CE4C-B2D7-4934-9CD8-F54D859B22DB}.Release|Any CPU.Build.0 = Release|Any CPU
		{0317D3C9-64B4-4E06-9289-697483D0E1E7}.Debug|Any CPU.ActiveCfg = Debug|Any CPU
		{0317D3C9-64B4-4E06-9289-697483D0E1E7}.Debug|Any CPU.Build.0 = Debug|Any CPU
		{0317D3C9-64B4-4E06-9289-697483D0E1E7}.Release|Any CPU.ActiveCfg = Release|Any CPU
		{0317D3C9-64B4-4E06-9289-697483D0E1E7}.Release|Any CPU.Build.0 = Release|Any CPU
	EndGlobalSection
	GlobalSection(SolutionProperties) = preSolution
		HideSolutionNode = FALSE
	EndGlobalSection
	GlobalSection(ExtensibilityGlobals) = postSolution
		SolutionGuid = {28084D18-6804-4550-81D2-9527F208AA10}
	EndGlobalSection
EndGlobal
